
Microsoft Visual Studio Solution File, Format Version 12.00
# Visual Studio 15
VisualStudioVersion = 15.0.28307.1022
MinimumVisualStudioVersion = 10.0.40219.1
Project("{FAE04EC0-301F-11D3-BF4B-00C04F79EFBC}") = "UserInterface", "UserInterface\UserInterface.csproj", "{9BBD8338-D238-4D07-B939-08EA110AC555}"
EndProject
Project("{FAE04EC0-301F-11D3-BF4B-00C04F79EFBC}") = "DataAccessLayer", "DataAccessLayer\DataAccessLayer.csproj", "{D3623303-23CA-4726-855C-8AA476003352}"
EndProject
Global
	GlobalSection(SolutionConfigurationPlatforms) = preSolution
		Debug|Any CPU = Debug|Any CPU
		Release|Any CPU = Release|Any CPU
	EndGlobalSection
	GlobalSection(ProjectConfigurationPlatforms) = postSolution
		{9BBD8338-D238-4D07-B939-08EA110AC555}.Debug|Any CPU.ActiveCfg = Debug|Any CPU
		{9BBD8338-D238-4D07-B939-08EA110AC555}.Debug|Any CPU.Build.0 = Debug|Any CPU
		{9BBD8338-D238-4D07-B939-08EA110AC555}.Release|Any CPU.ActiveCfg = Release|Any CPU
		{9BBD8338-D238-4D07-B939-08EA110AC555}.Release|Any CPU.Build.0 = Release|Any CPU
		{D3623303-23CA-4726-855C-8AA476003352}.Debug|Any CPU.ActiveCfg = Debug|Any CPU
		{D3623303-23CA-4726-855C-8AA476003352}.Debug|Any CPU.Build.0 = Debug|Any CPU
		{D3623303-23CA-4726-855C-8AA476003352}.Release|Any CPU.ActiveCfg = Release|Any CPU
		{D3623303-23CA-4726-855C-8AA476003352}.Release|Any CPU.Build.0 = Release|Any CPU
	EndGlobalSection
	GlobalSection(SolutionProperties) = preSolution
		HideSolutionNode = FALSE
	EndGlobalSection
	GlobalSection(ExtensibilityGlobals) = postSolution
		SolutionGuid = {3285A81E-AAAC-4672-980F-11FBEBD66263}
	EndGlobalSection
EndGlobal
